
Microsoft Visual Studio Solution File, Format Version 12.00
# Visual Studio Version 17
VisualStudioVersion = 17.14.36908.2
MinimumVisualStudioVersion = 10.0.40219.1
Project("{2150E333-8FDC-42A3-9474-1A3956D46DE8}") = "Source", "Source", "{B8EFCA5F-814F-285C-A8CB-F00F14650265}"
EndProject
Project("{2150E333-8FDC-42A3-9474-1A3956D46DE8}") = "Core", "Core", "{55418A49-9090-CAE5-2336-DB6E3B14E6F9}"
EndProject
Project("{FAE04EC0-301F-11D3-BF4B-00C04F79EFBC}") = "Bank.Core", "Source\Core\Bank.Core.csproj", "{41B25373-948A-455C-BBA6-FFC74229902B}"
EndProject
Project("{2150E333-8FDC-42A3-9474-1A3956D46DE8}") = "Infrastructure", "Infrastructure", "{CC77E06B-3944-BD4E-1143-D9E0831960C5}"
EndProject
Project("{FAE04EC0-301F-11D3-BF4B-00C04F79EFBC}") = "Bank.Infrastructure", "Source\Infrastructure\Bank.Infrastructure.csproj", "{A885F7ED-7ED6-4297-9587-856858BA1149}"
EndProject
Project("{2150E333-8FDC-42A3-9474-1A3956D46DE8}") = "Presentation", "Presentation", "{4099C67F-8F07-C005-922D-FD49B02B3456}"
EndProject
Project("{2150E333-8FDC-42A3-9474-1A3956D46DE8}") = "API", "API", "{914D3C97-11BA-5FBD-DA76-38E6C8F7FD9E}"
EndProject
Project("{FAE04EC0-301F-11D3-BF4B-00C04F79EFBC}") = "BankApp.Api", "Source\Presentation\API\BankApp.Api.csproj", "{31DE4E63-7530-435D-B650-F6965D2A5D64}"
EndProject
Project("{2150E333-8FDC-42A3-9474-1A3956D46DE8}") = "UI", "UI", "{C464B60C-4348-F336-A8B4-3CF9DB2BB7F7}"
EndProject
Project("{FAE04EC0-301F-11D3-BF4B-00C04F79EFBC}") = "BankApp.FormApp", "Source\Presentation\UI\BankApp.FormApp.csproj", "{5F3FF848-D986-4E97-9128-9BA7BA0D5B89}"
EndProject
Global
	GlobalSection(SolutionConfigurationPlatforms) = preSolution
		Debug|Any CPU = Debug|Any CPU
		Debug|x64 = Debug|x64
		Debug|x86 = Debug|x86
		Release|Any CPU = Release|Any CPU
		Release|x64 = Release|x64
		Release|x86 = Release|x86
	EndGlobalSection
	GlobalSection(ProjectConfigurationPlatforms) = postSolution
		{41B25373-948A-455C-BBA6-FFC74229902B}.Debug|Any CPU.ActiveCfg = Debug|Any CPU
		{41B25373-948A-455C-BBA6-FFC74229902B}.Debug|Any CPU.Build.0 = Debug|Any CPU
		{41B25373-948A-455C-BBA6-FFC74229902B}.Debug|x64.ActiveCfg = Debug|Any CPU
		{41B25373-948A-455C-BBA6-FFC74229902B}.Debug|x64.Build.0 = Debug|Any CPU
		{41B25373-948A-455C-BBA6-FFC74229902B}.Debug|x86.ActiveCfg = Debug|Any CPU
		{41B25373-948A-455C-BBA6-FFC74229902B}.Debug|x86.Build.0 = Debug|Any CPU
		{41B25373-948A-455C-BBA6-FFC74229902B}.Release|Any CPU.ActiveCfg = Release|Any CPU
		{41B25373-948A-455C-BBA6-FFC74229902B}.Release|Any CPU.Build.0 = Release|Any CPU
		{41B25373-948A-455C-BBA6-FFC74229902B}.Release|x64.ActiveCfg = Release|Any CPU
		{41B25373-948A-455C-BBA6-FFC74229902B}.Release|x64.Build.0 = Release|Any CPU
		{41B25373-948A-455C-BBA6-FFC74229902B}.Release|x86.ActiveCfg = Release|Any CPU
		{41B25373-948A-455C-BBA6-FFC74229902B}.Release|x86.Build.0 = Release|Any CPU
		{A885F7ED-7ED6-4297-9587-856858BA1149}.Debug|Any CPU.ActiveCfg = Debug|Any CPU
		{A885F7ED-7ED6-4297-9587-856858BA1149}.Debug|Any CPU.Build.0 = Debug|Any CPU
		{A885F7ED-7ED6-4297-9587-856858BA1149}.Debug|x64.ActiveCfg = Debug|Any CPU
		{A885F7ED-7ED6-4297-9587-856858BA1149}.Debug|x64.Build.0 = Debug|Any CPU
		{A885F7ED-7ED6-4297-9587-856858BA1149}.Debug|x86.ActiveCfg = Debug|Any CPU
		{A885F7ED-7ED6-4297-9587-856858BA1149}.Debug|x86.Build.0 = Debug|Any CPU
		{A885F7ED-7ED6-4297-9587-856858BA1149}.Release|Any CPU.ActiveCfg = Release|Any CPU
		{A885F7ED-7ED6-4297-9587-856858BA1149}.Release|Any CPU.Build.0 = Release|Any CPU
		{A885F7ED-7ED6-4297-9587-856858BA1149}.Release|x64.ActiveCfg = Release|Any CPU
		{A885F7ED-7ED6-4297-9587-856858BA1149}.Release|x64.Build.0 = Release|Any CPU
		{A885F7ED-7ED6-4297-9587-856858BA1149}.Release|x86.ActiveCfg = Release|Any CPU
		{A885F7ED-7ED6-4297-9587-856858BA1149}.Release|x86.Build.0 = Release|Any CPU
		{31DE4E63-7530-435D-B650-F6965D2A5D64}.Debug|Any CPU.ActiveCfg = Debug|Any CPU
		{31DE4E63-7530-435D-B650-F6965D2A5D64}.Debug|Any CPU.Build.0 = Debug|Any CPU
		{31DE4E63-7530-435D-B650-F6965D2A5D64}.Debug|x64.ActiveCfg = Debug|Any CPU
		{31DE4E63-7530-435D-B650-F6965D2A5D64}.Debug|x64.Build.0 = Debug|Any CPU
		{31DE4E63-7530-435D-B650-F6965D2A5D64}.Debug|x86.ActiveCfg = Debug|Any CPU
		{31DE4E63-7530-435D-B650-F6965D2A5D64}.Debug|x86.Build.0 = Debug|Any CPU
		{31DE4E63-7530-435D-B650-F6965D2A5D64}.Release|Any CPU.ActiveCfg = Release|Any CPU
		{31DE4E63-7530-435D-B650-F6965D2A5D64}.Release|Any CPU.Build.0 = Release|Any CPU
		{31DE4E63-7530-435D-B650-F6965D2A5D64}.Release|x64.ActiveCfg = Release|Any CPU
		{31DE4E63-7530-435D-B650-F6965D2A5D64}.Release|x64.Build.0 = Release|Any CPU
		{31DE4E63-7530-435D-B650-F6965D2A5D64}.Release|x86.ActiveCfg = Release|Any CPU
		{31DE4E63-7530-435D-B650-F6965D2A5D64}.Release|x86.Build.0 = Release|Any CPU
		{5F3FF848-D986-4E97-9128-9BA7BA0D5B89}.Debug|Any CPU.ActiveCfg = Debug|Any CPU
		{5F3FF848-D986-4E97-9128-9BA7BA0D5B89}.Debug|Any CPU.Build.0 = Debug|Any CPU
		{5F3FF848-D986-4E97-9128-9BA7BA0D5B89}.Debug|x64.ActiveCfg = Debug|Any CPU
		{5F3FF848-D986-4E97-9128-9BA7BA0D5B89}.Debug|x64.Build.0 = Debug|Any CPU
		{5F3FF848-D986-4E97-9128-9BA7BA0D5B89}.Debug|x86.ActiveCfg = Debug|Any CPU
		{5F3FF848-D986-4E97-9128-9BA7BA0D5B89}.Debug|x86.Build.0 = Debug|Any CPU
		{5F3FF848-D986-4E97-9128-9BA7BA0D5B89}.Release|Any CPU.ActiveCfg = Release|Any CPU
		{5F3FF848-D986-4E97-9128-9BA7BA0D5B89}.Release|Any CPU.Build.0 = Release|Any CPU
		{5F3FF848-D986-4E97-9128-9BA7BA0D5B89}.Release|x64.ActiveCfg = Release|Any CPU
		{5F3FF848-D986-4E97-9128-9BA7BA0D5B89}.Release|x64.Build.0 = Release|Any CPU
		{5F3FF848-D986-4E97-9128-9BA7BA0D5B89}.Release|x86.ActiveCfg = Release|Any CPU
		{5F3FF848-D986-4E97-9128-9BA7BA0D5B89}.Release|x86.Build.0 = Release|Any CPU
	EndGlobalSection
	GlobalSection(SolutionProperties) = preSolution
		HideSolutionNode = FALSE
	EndGlobalSection
	GlobalSection(NestedProjects) = preSolution
		{55418A49-9090-CAE5-2336-DB6E3B14E6F9} = {B8EFCA5F-814F-285C-A8CB-F00F14650265}
		{41B25373-948A-455C-BBA6-FFC74229902B} = {55418A49-9090-CAE5-2336-DB6E3B14E6F9}
		{CC77E06B-3944-BD4E-1143-D9E0831960C5} = {B8EFCA5F-814F-285C-A8CB-F00F14650265}
		{A885F7ED-7ED6-4297-9587-856858BA1149} = {CC77E06B-3944-BD4E-1143-D9E0831960C5}
		{4099C67F-8F07-C005-922D-FD49B02B3456} = {B8EFCA5F-814F-285C-A8CB-F00F14650265}
		{914D3C97-11BA-5FBD-DA76-38E6C8F7FD9E} = {4099C67F-8F07-C005-922D-FD49B02B3456}
		{31DE4E63-7530-435D-B650-F6965D2A5D64} = {914D3C97-11BA-5FBD-DA76-38E6C8F7FD9E}
		{C464B60C-4348-F336-A8B4-3CF9DB2BB7F7} = {4099C67F-8F07-C005-922D-FD49B02B3456}
		{5F3FF848-D986-4E97-9128-9BA7BA0D5B89} = {C464B60C-4348-F336-A8B4-3CF9DB2BB7F7}
	EndGlobalSection
	GlobalSection(ExtensibilityGlobals) = postSolution
		SolutionGuid = {A6C6FD72-00A8-44FB-9262-E14B6F7CC4ED}
	EndGlobalSection
EndGlobal
